
Microsoft Visual Studio Solution File, Format Version 11.00
# Visual Studio Version 17

Project("{8BC9CEB8-8B4A-11D0-8D11-00A0C91BC942}") = "SG-323 Filter - Standalone Plugin", "SG-323 Filter_StandalonePlugin.vcxproj", "{27D937E3-3455-09C4-FA0B-C383DE9B66C7}"
	ProjectSection(ProjectDependencies) = postProject
		{35673C29-174B-01F5-F989-099B74402D80} = {35673C29-174B-01F5-F989-099B74402D80}
	EndProjectSection
EndProject
Project("{8BC9CEB8-8B4A-11D0-8D11-00A0C91BC942}") = "SG-323 Filter - VST3", "SG-323 Filter_VST3.vcxproj", "{E949D48B-29BB-73AE-A1F4-9086AF96FD31}"
	ProjectSection(ProjectDependencies) = postProject
		{35673C29-174B-01F5-F989-099B74402D80} = {35673C29-174B-01F5-F989-099B74402D80}
	EndProjectSection
EndProject
Project("{8BC9CEB8-8B4A-11D0-8D11-00A0C91BC942}") = "SG-323 Filter - Shared Code", "SG-323 Filter_SharedCode.vcxproj", "{35673C29-174B-01F5-F989-099B74402D80}"
EndProject
Global
	GlobalSection(SolutionConfigurationPlatforms) = preSolution
		Debug|x64 = Debug|x64
		Release|x64 = Release|x64
	EndGlobalSection
	GlobalSection(ProjectConfigurationPlatforms) = postSolution
		{E949D48B-29BB-73AE-A1F4-9086AF96FD31}.Debug|x64.ActiveCfg = Debug|x64
		{E949D48B-29BB-73AE-A1F4-9086AF96FD31}.Debug|x64.Build.0 = Debug|x64
		{E949D48B-29BB-73AE-A1F4-9086AF96FD31}.Release|x64.ActiveCfg = Release|x64
		{E949D48B-29BB-73AE-A1F4-9086AF96FD31}.Release|x64.Build.0 = Release|x64
		{27D937E3-3455-09C4-FA0B-C383DE9B66C7}.Debug|x64.ActiveCfg = Debug|x64
		{27D937E3-3455-09C4-FA0B-C383DE9B66C7}.Debug|x64.Build.0 = Debug|x64
		{27D937E3-3455-09C4-FA0B-C383DE9B66C7}.Release|x64.ActiveCfg = Release|x64
		{27D937E3-3455-09C4-FA0B-C383DE9B66C7}.Release|x64.Build.0 = Release|x64
		{35673C29-174B-01F5-F989-099B74402D80}.Debug|x64.ActiveCfg = Debug|x64
		{35673C29-174B-01F5-F989-099B74402D80}.Debug|x64.Build.0 = Debug|x64
		{35673C29-174B-01F5-F989-099B74402D80}.Release|x64.ActiveCfg = Release|x64
		{35673C29-174B-01F5-F989-099B74402D80}.Release|x64.Build.0 = Release|x64
	EndGlobalSection
	GlobalSection(SolutionProperties) = preSolution
		HideSolutionNode = FALSE
	EndGlobalSection
EndGlobal
